
Microsoft Visual Studio Solution File, Format Version 12.00
# Visual Studio Version 16
VisualStudioVersion = 16.0.36631.11
MinimumVisualStudioVersion = 10.0.40219.1
Project("{F14B399A-7131-4C87-9E4B-1186C45EF12D}") = "Informes", "Informes.rptproj", "{EA97AB75-F7E6-449F-B619-39E6F768A942}"
EndProject
Global
	GlobalSection(SolutionConfigurationPlatforms) = preSolution
		Debug|Default = Debug|Default
		DebugLocal|Default = DebugLocal|Default
		Release|Default = Release|Default
	EndGlobalSection
	GlobalSection(ProjectConfigurationPlatforms) = postSolution
		{EA97AB75-F7E6-449F-B619-39E6F768A942}.Debug|Default.ActiveCfg = Debug
		{EA97AB75-F7E6-449F-B619-39E6F768A942}.Debug|Default.Build.0 = Debug
		{EA97AB75-F7E6-449F-B619-39E6F768A942}.Debug|Default.Deploy.0 = Debug
		{EA97AB75-F7E6-449F-B619-39E6F768A942}.DebugLocal|Default.ActiveCfg = DebugLocal
		{EA97AB75-F7E6-449F-B619-39E6F768A942}.DebugLocal|Default.Build.0 = DebugLocal
		{EA97AB75-F7E6-449F-B619-39E6F768A942}.Release|Default.ActiveCfg = Release
		{EA97AB75-F7E6-449F-B619-39E6F768A942}.Release|Default.Build.0 = Release
		{EA97AB75-F7E6-449F-B619-39E6F768A942}.Release|Default.Deploy.0 = Release
	EndGlobalSection
	GlobalSection(SolutionProperties) = preSolution
		HideSolutionNode = FALSE
	EndGlobalSection
	GlobalSection(ExtensibilityGlobals) = postSolution
		SolutionGuid = {0CFBB518-5106-4673-8B78-877848BB0ED4}
	EndGlobalSection
EndGlobal
